// !$*UTF8*$!
{
	archiveVersion = 1;
	classes = {
	};
	objectVersion = 46;
	objects = {

/* Begin PBXBuildFile section */
		34F1A8251BA14FDD008F87FE /* main.m in Sources */ = {isa = PBXBuildFile; fileRef = 34F1A8241BA14FDD008F87FE /* main.m */; };
		34F1A8281BA14FDD008F87FE /* AppDelegate.m in Sources */ = {isa = PBXBuildFile; fileRef = 34F1A8271BA14FDD008F87FE /* AppDelegate.m */; };
		34F1A82B1BA14FDD008F87FE /* Drop_down.xcdatamodeld in Sources */ = {isa = PBXBuildFile; fileRef = 34F1A8291BA14FDD008F87FE /* Drop_down.xcdatamodeld */; };
		34F1A82E1BA14FDD008F87FE /* ViewController.m in Sources */ = {isa = PBXBuildFile; fileRef = 34F1A82D1BA14FDD008F87FE /* ViewController.m */; };
		34F1A8311BA14FDD008F87FE /* Main.storyboard in Resources */ = {isa = PBXBuildFile; fileRef = 34F1A82F1BA14FDD008F87FE /* Main.storyboard */; };
		34F1A8331BA14FDD008F87FE /* Images.xcassets in Resources */ = {isa = PBXBuildFile; fileRef = 34F1A8321BA14FDD008F87FE /* Images.xcassets */; };
		34F1A8361BA14FDD008F87FE /* LaunchScreen.xib in Resources */ = {isa = PBXBuildFile; fileRef = 34F1A8341BA14FDD008F87FE /* LaunchScreen.xib */; };
		34F1A8421BA14FDD008F87FE /* Drop_downTests.m in Sources */ = {isa = PBXBuildFile; fileRef = 34F1A8411BA14FDD008F87FE /* Drop_downTests.m */; };
/* End PBXBuildFile section */

/* Begin PBXContainerItemProxy section */
		34F1A83C1BA14FDD008F87FE /* PBXContainerItemProxy */ = {
			isa = PBXContainerItemProxy;
			containerPortal = 34F1A8171BA14FDD008F87FE /* Project object */;
			proxyType = 1;
			remoteGlobalIDString = 34F1A81E1BA14FDD008F87FE;
			remoteInfo = "Drop down";
		};
/* End PBXContainerItemProxy section */

/* Begin PBXFileReference section */
		34F1A81F1BA14FDD008F87FE /* Drop down.app */ = {isa = PBXFileReference; explicitFileType = wrapper.application; includeInIndex = 0; path = "Drop down.app"; sourceTree = BUILT_PRODUCTS_DIR; };
		34F1A8231BA14FDD008F87FE /* Info.plist */ = {isa = PBXFileReference; lastKnownFileType = text.plist.xml; path = Info.plist; sourceTree = "<group>"; };
		34F1A8241BA14FDD008F87FE /* main.m */ = {isa = PBXFileReference; lastKnownFileType = sourcecode.c.objc; path = main.m; sourceTree = "<group>"; };
		34F1A8261BA14FDD008F87FE /* AppDelegate.h */ = {isa = PBXFileReference; lastKnownFileType = sourcecode.c.h; path = AppDelegate.h; sourceTree = "<group>"; };
		34F1A8271BA14FDD008F87FE /* AppDelegate.m */ = {isa = PBXFileReference; lastKnownFileType = sourcecode.c.objc; path = AppDelegate.m; sourceTree = "<group>"; };
		34F1A82A1BA14FDD008F87FE /* Drop_down.xcdatamodel */ = {isa = PBXFileReference; lastKnownFileType = wrapper.xcdatamodel; path = Drop_down.xcdatamodel; sourceTree = "<group>"; };
		34F1A82C1BA14FDD008F87FE /* ViewController.h */ = {isa = PBXFileReference; lastKnownFileType = sourcecode.c.h; path = ViewController.h; sourceTree = "<group>"; };
		34F1A82D1BA14FDD008F87FE /* ViewController.m */ = {isa = PBXFileReference; lastKnownFileType = sourcecode.c.objc; path = ViewController.m; sourceTree = "<group>"; };
		34F1A8301BA14FDD008F87FE /* Base */ = {isa = PBXFileReference; lastKnownFileType = file.storyboard; name = Base; path = Base.lproj/Main.storyboard; sourceTree = "<group>"; };
		34F1A8321BA14FDD008F87FE /* Images.xcassets */ = {isa = PBXFileReference; lastKnownFileType = folder.assetcatalog; path = Images.xcassets; sourceTree = "<group>"; };
		34F1A8351BA14FDD008F87FE /* Base */ = {isa = PBXFileReference; lastKnownFileType = file.xib; name = Base; path = Base.lproj/LaunchScreen.xib; sourceTree = "<group>"; };
		34F1A83B1BA14FDD008F87FE /* Drop downTests.xctest */ = {isa = PBXFileReference; explicitFileType = wrapper.cfbundle; includeInIndex = 0; path = "Drop downTests.xctest"; sourceTree = BUILT_PRODUCTS_DIR; };
		34F1A8401BA14FDD008F87FE /* Info.plist */ = {isa = PBXFileReference; lastKnownFileType = text.plist.xml; path = Info.plist; sourceTree = "<group>"; };
		34F1A8411BA14FDD008F87FE /* Drop_downTests.m */ = {isa = PBXFileReference; lastKnownFileType = sourcecode.c.objc; path = Drop_downTests.m; sourceTree = "<group>"; };
/* End PBXFileReference section */

/* Begin PBXFrameworksBuildPhase section */
		34F1A81C1BA14FDD008F87FE /* Frameworks */ = {
			isa = PBXFrameworksBuildPhase;
			buildActionMask = 2147483647;
			files = (
			);
			runOnlyForDeploymentPostprocessing = 0;
		};
		34F1A8381BA14FDD008F87FE /* Frameworks */ = {
			isa = PBXFrameworksBuildPhase;
			buildActionMask = 2147483647;
			files = (
			);
			runOnlyForDeploymentPostprocessing = 0;
		};
/* End PBXFrameworksBuildPhase section */

/* Begin PBXGroup section */
		34F1A8161BA14FDD008F87FE = {
			isa = PBXGroup;
			children = (
				34F1A8211BA14FDD008F87FE /* Drop down */,
				34F1A83E1BA14FDD008F87FE /* Drop downTests */,
				34F1A8201BA14FDD008F87FE /* Products */,
			);
			sourceTree = "<group>";
		};
		34F1A8201BA14FDD008F87FE /* Products */ = {
			isa = PBXGroup;
			children = (
				34F1A81F1BA14FDD008F87FE /* Drop down.app */,
				34F1A83B1BA14FDD008F87FE /* Drop downTests.xctest */,
			);
			name = Products;
			sourceTree = "<group>";
		};
		34F1A8211BA14FDD008F87FE /* Drop down */ = {
			isa = PBXGroup;
			children = (
				34F1A8261BA14FDD008F87FE /* AppDelegate.h */,
				34F1A8271BA14FDD008F87FE /* AppDelegate.m */,
				34F1A82C1BA14FDD008F87FE /* ViewController.h */,
				34F1A82D1BA14FDD008F87FE /* ViewController.m */,
				34F1A82F1BA14FDD008F87FE /* Main.storyboard */,
				34F1A8321BA14FDD008F87FE /* Images.xcassets */,
				34F1A8341BA14FDD008F87FE /* LaunchScreen.xib */,
				34F1A8291BA14FDD008F87FE /* Drop_down.xcdatamodeld */,
				34F1A8221BA14FDD008F87FE /* Supporting Files */,
			);
			path = "Drop down";
			sourceTree = "<group>";
		};
		34F1A8221BA14FDD008F87FE /* Supporting Files */ = {
			isa = PBXGroup;
			children = (
				34F1A8231BA14FDD008F87FE /* Info.plist */,
				34F1A8241BA14FDD008F87FE /* main.m */,
			);
			name = "Supporting Files";
			sourceTree = "<group>";
		};
		34F1A83E1BA14FDD008F87FE /* Drop downTests */ = {
			isa = PBXGroup;
			children = (
				34F1A8411BA14FDD008F87FE /* Drop_downTests.m */,
				34F1A83F1BA14FDD008F87FE /* Supporting Files */,
			);
			path = "Drop downTests";
			sourceTree = "<group>";
		};
		34F1A83F1BA14FDD008F87FE /* Supporting Files */ = {
			isa = PBXGroup;
			children = (
				34F1A8401BA14FDD008F87FE /* Info.plist */,
			);
			name = "Supporting Files";
			sourceTree = "<group>";
		};
/* End PBXGroup section */

/* Begin PBXNativeTarget section */
		34F1A81E1BA14FDD008F87FE /* Drop down */ = {
			isa = PBXNativeTarget;
			buildConfigurationList = 34F1A8451BA14FDD008F87FE /* Build configuration list for PBXNativeTarget "Drop down" */;
			buildPhases = (
				34F1A81B1BA14FDD008F87FE /* Sources */,
				34F1A81C1BA14FDD008F87FE /* Frameworks */,
				34F1A81D1BA14FDD008F87FE /* Resources */,
			);
			buildRules = (
			);
			dependencies = (
			);
			name = "Drop down";
			productName = "Drop down";
			productReference = 34F1A81F1BA14FDD008F87FE /* Drop down.app */;
			productType = "com.apple.product-type.application";
		};
		34F1A83A1BA14FDD008F87FE /* Drop downTests */ = {
			isa = PBXNativeTarget;
			buildConfigurationList = 34F1A8481BA14FDD008F87FE /* Build configuration list for PBXNativeTarget "Drop downTests" */;
			buildPhases = (
				34F1A8371BA14FDD008F87FE /* Sources */,
				34F1A8381BA14FDD008F87FE /* Frameworks */,
				34F1A8391BA14FDD008F87FE /* Resources */,
			);
			buildRules = (
			);
			dependencies = (
				34F1A83D1BA14FDD008F87FE /* PBXTargetDependency */,
			);
			name = "Drop downTests";
			productName = "Drop downTests";
			productReference = 34F1A83B1BA14FDD008F87FE /* Drop downTests.xctest */;
			productType = "com.apple.product-type.bundle.unit-test";
		};
/* End PBXNativeTarget section */

/* Begin PBXProject section */
		34F1A8171BA14FDD008F87FE /* Project object */ = {
			isa = PBXProject;
			attributes = {
				LastUpgradeCheck = 0640;
				ORGANIZATIONNAME = Jeremiah;
				TargetAttributes = {
					34F1A81E1BA14FDD008F87FE = {
						CreatedOnToolsVersion = 6.4;
					};
					34F1A83A1BA14FDD008F87FE = {
						CreatedOnToolsVersion = 6.4;
						TestTargetID = 34F1A81E1BA14FDD008F87FE;
					};
				};
			};
			buildConfigurationList = 34F1A81A1BA14FDD008F87FE /* Build configuration list for PBXProject "Drop down" */;
			compatibilityVersion = "Xcode 3.2";
			developmentRegion = English;
			hasScannedForEncodings = 0;
			knownRegions = (
				en,
				Base,
			);
			mainGroup = 34F1A8161BA14FDD008F87FE;
			productRefGroup = 34F1A8201BA14FDD008F87FE /* Products */;
			projectDirPath = "";
			projectRoot = "";
			targets = (
				34F1A81E1BA14FDD008F87FE /* Drop down */,
				34F1A83A1BA14FDD008F87FE /* Drop downTests */,
			);
		};
/* End PBXProject section */

/* Begin PBXResourcesBuildPhase section */
		34F1A81D1BA14FDD008F87FE /* Resources */ = {
			isa = PBXResourcesBuildPhase;
			buildActionMask = 2147483647;
			files = (
				34F1A8311BA14FDD008F87FE /* Main.storyboard in Resources */,
				34F1A8361BA14FDD008F87FE /* LaunchScreen.xib in Resources */,
				34F1A8331BA14FDD008F87FE /* Images.xcassets in Resources */,
			);
			runOnlyForDeploymentPostprocessing = 0;
		};
		34F1A8391BA14FDD008F87FE /* Resources */ = {
			isa = PBXResourcesBuildPhase;
			buildActionMask = 2147483647;
			files = (
			);
			runOnlyForDeploymentPostprocessing = 0;
		};
/* End PBXResourcesBuildPhase section */

/* Begin PBXSourcesBuildPhase section */
		34F1A81B1BA14FDD008F87FE /* Sources */ = {
			isa = PBXSourcesBuildPhase;
			buildActionMask = 2147483647;
			files = (
				34F1A8281BA14FDD008F87FE /* AppDelegate.m in Sources */,
				34F1A8251BA14FDD008F87FE /* main.m in Sources */,
				34F1A82E1BA14FDD008F87FE /* ViewController.m in Sources */,
				34F1A82B1BA14FDD008F87FE /* Drop_down.xcdatamodeld in Sources */,
			);
			runOnlyForDeploymentPostprocessing = 0;
		};
		34F1A8371BA14FDD008F87FE /* Sources */ = {
			isa = PBXSourcesBuildPhase;
			buildActionMask = 2147483647;
			files = (
				34F1A8421BA14FDD008F87FE /* Drop_downTests.m in Sources */,
			);
			runOnlyForDeploymentPostprocessing = 0;
		};
/* End PBXSourcesBuildPhase section */

/* Begin PBXTargetDependency section */
		34F1A83D1BA14FDD008F87FE /* PBXTargetDependency */ = {
			isa = PBXTargetDependency;
			target = 34F1A81E1BA14FDD008F87FE /* Drop down */;
			targetProxy = 34F1A83C1BA14FDD008F87FE /* PBXContainerItemProxy */;
		};
/* End PBXTargetDependency section */

/* Begin PBXVariantGroup section */
		34F1A82F1BA14FDD008F87FE /* Main.storyboard */ = {
			isa = PBXVariantGroup;
			children = (
				34F1A8301BA14FDD008F87FE /* Base */,
			);
			name = Main.storyboard;
			sourceTree = "<group>";
		};
		34F1A8341BA14FDD008F87FE /* LaunchScreen.xib */ = {
			isa = PBXVariantGroup;
			children = (
				34F1A8351BA14FDD008F87FE /* Base */,
			);
			name = LaunchScreen.xib;
			sourceTree = "<group>";
		};
/* End PBXVariantGroup section */

/* Begin XCBuildConfiguration section */
		34F1A8431BA14FDD008F87FE /* Debug */ = {
			isa = XCBuildConfiguration;
			buildSettings = {
				ALWAYS_SEARCH_USER_PATHS = NO;
				CLANG_CXX_LANGUAGE_STANDARD = "gnu++0x";
				CLANG_CXX_LIBRARY = "libc++";
				CLANG_ENABLE_MODULES = YES;
				CLANG_ENABLE_OBJC_ARC = YES;
				CLANG_WARN_BOOL_CONVERSION = YES;
				CLANG_WARN_CONSTANT_CONVERSION = YES;
				CLANG_WARN_DIRECT_OBJC_ISA_USAGE = YES_ERROR;
				CLANG_WARN_EMPTY_BODY = YES;
				CLANG_WARN_ENUM_CONVERSION = YES;
				CLANG_WARN_INT_CONVERSION = YES;
				CLANG_WARN_OBJC_ROOT_CLASS = YES_ERROR;
				CLANG_WARN_UNREACHABLE_CODE = YES;
				CLANG_WARN__DUPLICATE_METHOD_MATCH = YES;
				"CODE_SIGN_IDENTITY[sdk=iphoneos*]" = "iPhone Developer";
				COPY_PHASE_STRIP = NO;
				DEBUG_INFORMATION_FORMAT = "dwarf-with-dsym";
				ENABLE_STRICT_OBJC_MSGSEND = YES;
				GCC_C_LANGUAGE_STANDARD = gnu99;
				GCC_DYNAMIC_NO_PIC = NO;
				GCC_NO_COMMON_BLOCKS = YES;
				GCC_OPTIMIZATION_LEVEL = 0;
				GCC_PREPROCESSOR_DEFINITIONS = (
					"DEBUG=1",
					"$(inherited)",
				);
				GCC_SYMBOLS_PRIVATE_EXTERN = NO;
				GCC_WARN_64_TO_32_BIT_CONVERSION = YES;
				GCC_WARN_ABOUT_RETURN_TYPE = YES_ERROR;
				GCC_WARN_UNDECLARED_SELECTOR = YES;
				GCC_WARN_UNINITIALIZED_AUTOS = YES_AGGRESSIVE;
				GCC_WARN_UNUSED_FUNCTION = YES;
				GCC_WARN_UNUSED_VARIABLE = YES;
				IPHONEOS_DEPLOYMENT_TARGET = 8.4;
				MTL_ENABLE_DEBUG_INFO = YES;
				ONLY_ACTIVE_ARCH = YES;
				SDKROOT = iphoneos;
				TARGETED_DEVICE_FAMILY = "1,2";
			};
			name = Debug;
		};
		34F1A8441BA14FDD008F87FE /* Release */ = {
			isa = XCBuildConfiguration;
			buildSettings = {
				ALWAYS_SEARCH_USER_PATHS = NO;
				CLANG_CXX_LANGUAGE_STANDARD = "gnu++0x";
				CLANG_CXX_LIBRARY = "libc++";
				CLANG_ENABLE_MODULES = YES;
				CLANG_ENABLE_OBJC_ARC = YES;
				CLANG_WARN_BOOL_CONVERSION = YES;
				CLANG_WARN_CONSTANT_CONVERSION = YES;
				CLANG_WARN_DIRECT_OBJC_ISA_USAGE = YES_ERROR;
				CLANG_WARN_EMPTY_BODY = YES;
				CLANG_WARN_ENUM_CONVERSION = YES;
				CLANG_WARN_INT_CONVERSION = YES;
				CLANG_WARN_OBJC_ROOT_CLASS = YES_ERROR;
				CLANG_WARN_UNREACHABLE_CODE = YES;
				CLANG_WARN__DUPLICATE_METHOD_MATCH = YES;
				"CODE_SIGN_IDENTITY[sdk=iphoneos*]" = "iPhone Developer";
				COPY_PHASE_STRIP = NO;
				DEBUG_INFORMATION_FORMAT = "dwarf-with-dsym";
				ENABLE_NS_ASSERTIONS = NO;
				ENABLE_STRICT_OBJC_MSGSEND = YES;
				GCC_C_LANGUAGE_STANDARD = gnu99;
				GCC_NO_COMMON_BLOCKS = YES;
				GCC_WARN_64_TO_32_BIT_CONVERSION = YES;
				GCC_WARN_ABOUT_RETURN_TYPE = YES_ERROR;
				GCC_WARN_UNDECLARED_SELECTOR = YES;
				GCC_WARN_UNINITIALIZED_AUTOS = YES_AGGRESSIVE;
				GCC_WARN_UNUSED_FUNCTION = YES;
				GCC_WARN_UNUSED_VARIABLE = YES;
				IPHONEOS_DEPLOYMENT_TARGET = 8.4;
				MTL_ENABLE_DEBUG_INFO = NO;
				SDKROOT = iphoneos;
				TARGETED_DEVICE_FAMILY = "1,2";
				VALIDATE_PRODUCT = YES;
			};
			name = Release;
		};
		34F1A8461BA14FDD008F87FE /* Debug */ = {
			isa = XCBuildConfiguration;
			buildSettings = {
				ASSETCATALOG_COMPILER_APPICON_NAME = AppIcon;
				INFOPLIST_FILE = "Drop down/Info.plist";
				LD_RUNPATH_SEARCH_PATHS = "$(inherited) @executable_path/Frameworks";
				PRODUCT_NAME = "$(TARGET_NAME)";
			};
			name = Debug;
		};
		34F1A8471BA14FDD008F87FE /* Release */ = {
			isa = XCBuildConfiguration;
			buildSettings = {
				ASSETCATALOG_COMPILER_APPICON_NAME = AppIcon;
				INFOPLIST_FILE = "Drop down/Info.plist";
				LD_RUNPATH_SEARCH_PATHS = "$(inherited) @executable_path/Frameworks";
				PRODUCT_NAME = "$(TARGET_NAME)";
			};
			name = Release;
		};
		34F1A8491BA14FDD008F87FE /* Debug */ = {
			isa = XCBuildConfiguration;
			buildSettings = {
				BUNDLE_LOADER = "$(TEST_HOST)";
				FRAMEWORK_SEARCH_PATHS = (
					"$(SDKROOT)/Developer/Library/Frameworks",
					"$(inherited)",
				);
				GCC_PREPROCESSOR_DEFINITIONS = (
					"DEBUG=1",
					"$(inherited)",
				);
				INFOPLIST_FILE = "Drop downTests/Info.plist";
				LD_RUNPATH_SEARCH_PATHS = "$(inherited) @executable_path/Frameworks @loader_path/Frameworks";
				PRODUCT_NAME = "$(TARGET_NAME)";
				TEST_HOST = "$(BUILT_PRODUCTS_DIR)/Drop down.app/Drop down";
			};
			name = Debug;
		};
		34F1A84A1BA14FDD008F87FE /* Release */ = {
			isa = XCBuildConfiguration;
			buildSettings = {
				BUNDLE_LOADER = "$(TEST_HOST)";
				FRAMEWORK_SEARCH_PATHS = (
					"$(SDKROOT)/Developer/Library/Frameworks",
					"$(inherited)",
				);
				INFOPLIST_FILE = "Drop downTests/Info.plist";
				LD_RUNPATH_SEARCH_PATHS = "$(inherited) @executable_path/Frameworks @loader_path/Frameworks";
				PRODUCT_NAME = "$(TARGET_NAME)";
				TEST_HOST = "$(BUILT_PRODUCTS_DIR)/Drop down.app/Drop down";
			};
			name = Release;
		};
/* End XCBuildConfiguration section */

/* Begin XCConfigurationList section */
		34F1A81A1BA14FDD008F87FE /* Build configuration list for PBXProject "Drop down" */ = {
			isa = XCConfigurationList;
			buildConfigurations = (
				34F1A8431BA14FDD008F87FE /* Debug */,
				34F1A8441BA14FDD008F87FE /* Release */,
			);
			defaultConfigurationIsVisible = 0;
			defaultConfigurationName = Release;
		};
		34F1A8451BA14FDD008F87FE /* Build configuration list for PBXNativeTarget "Drop down" */ = {
			isa = XCConfigurationList;
			buildConfigurations = (
				34F1A8461BA14FDD008F87FE /* Debug */,
				34F1A8471BA14FDD008F87FE /* Release */,
			);
			defaultConfigurationIsVisible = 0;
		};
		34F1A8481BA14FDD008F87FE /* Build configuration list for PBXNativeTarget "Drop downTests" */ = {
			isa = XCConfigurationList;
			buildConfigurations = (
				34F1A8491BA14FDD008F87FE /* Debug */,
				34F1A84A1BA14FDD008F87FE /* Release */,
			);
			defaultConfigurationIsVisible = 0;
		};
/* End XCConfigurationList section */

/* Begin XCVersionGroup section */
		34F1A8291BA14FDD008F87FE /* Drop_down.xcdatamodeld */ = {
			isa = XCVersionGroup;
			children = (
				34F1A82A1BA14FDD008F87FE /* Drop_down.xcdatamodel */,
			);
			currentVersion = 34F1A82A1BA14FDD008F87FE /* Drop_down.xcdatamodel */;
			path = Drop_down.xcdatamodeld;
			sourceTree = "<group>";
			versionGroupType = wrapper.xcdatamodel;
		};
/* End XCVersionGroup section */
	};
	rootObject = 34F1A8171BA14FDD008F87FE /* Project object */;
}
